
Microsoft Visual Studio Solution File, Format Version 12.00
# Visual Studio 15
VisualStudioVersion = 15.0.27703.2026
MinimumVisualStudioVersion = 10.0.40219.1
Project("{FAE04EC0-301F-11D3-BF4B-00C04F79EFBC}") = "Adding", "Adding\Adding.csproj", "{264A1AF2-BAA3-4A15-8A79-9F4362527719}"
EndProject
Global
	GlobalSection(SolutionConfigurationPlatforms) = preSolution
		Debug|Any CPU = Debug|Any CPU
		Release|Any CPU = Release|Any CPU
	EndGlobalSection
	GlobalSection(ProjectConfigurationPlatforms) = postSolution
		{264A1AF2-BAA3-4A15-8A79-9F4362527719}.Debug|Any CPU.ActiveCfg = Debug|Any CPU
		{264A1AF2-BAA3-4A15-8A79-9F4362527719}.Debug|Any CPU.Build.0 = Debug|Any CPU
		{264A1AF2-BAA3-4A15-8A79-9F4362527719}.Release|Any CPU.ActiveCfg = Release|Any CPU
		{264A1AF2-BAA3-4A15-8A79-9F4362527719}.Release|Any CPU.Build.0 = Release|Any CPU
	EndGlobalSection
	GlobalSection(SolutionProperties) = preSolution
		HideSolutionNode = FALSE
	EndGlobalSection
	GlobalSection(ExtensibilityGlobals) = postSolution
		SolutionGuid = {2366400C-1E35-4E2A-8846-15F018097FA1}
	EndGlobalSection
EndGlobal
